
Microsoft Visual Studio Solution File, Format Version 12.00
# Visual Studio 15
VisualStudioVersion = 15.0.27703.2018
MinimumVisualStudioVersion = 10.0.40219.1
Project("{FAE04EC0-301F-11D3-BF4B-00C04F79EFBC}") = "DemoInfermieri.Android", "DemoInfermieri\DemoInfermieri.Android\DemoInfermieri.Android.csproj", "{A0DC253D-D94E-4B16-8718-0536FF7E5841}"
EndProject
Project("{FAE04EC0-301F-11D3-BF4B-00C04F79EFBC}") = "DemoInfermieri.iOS", "DemoInfermieri\DemoInfermieri.iOS\DemoInfermieri.iOS.csproj", "{4120DDD1-9121-4933-9E4F-74D0A3A9228D}"
EndProject
Project("{FAE04EC0-301F-11D3-BF4B-00C04F79EFBC}") = "DemoInfermieri", "DemoInfermieri\DemoInfermieri\DemoInfermieri.csproj", "{E238B090-7356-43D2-B84C-B417074DFFE2}"
EndProject
Global
	GlobalSection(SolutionConfigurationPlatforms) = preSolution
		Ad-Hoc|Any CPU = Ad-Hoc|Any CPU
		Ad-Hoc|iPhone = Ad-Hoc|iPhone
		Ad-Hoc|iPhoneSimulator = Ad-Hoc|iPhoneSimulator
		AppStore|Any CPU = AppStore|Any CPU
		AppStore|iPhone = AppStore|iPhone
		AppStore|iPhoneSimulator = AppStore|iPhoneSimulator
		Debug|Any CPU = Debug|Any CPU
		Debug|iPhone = Debug|iPhone
		Debug|iPhoneSimulator = Debug|iPhoneSimulator
		Release|Any CPU = Release|Any CPU
		Release|iPhone = Release|iPhone
		Release|iPhoneSimulator = Release|iPhoneSimulator
	EndGlobalSection
	GlobalSection(ProjectConfigurationPlatforms) = postSolution
		{A0DC253D-D94E-4B16-8718-0536FF7E5841}.Ad-Hoc|Any CPU.ActiveCfg = Release|Any CPU
		{A0DC253D-D94E-4B16-8718-0536FF7E5841}.Ad-Hoc|Any CPU.Build.0 = Release|Any CPU
		{A0DC253D-D94E-4B16-8718-0536FF7E5841}.Ad-Hoc|Any CPU.Deploy.0 = Release|Any CPU
		{A0DC253D-D94E-4B16-8718-0536FF7E5841}.Ad-Hoc|iPhone.ActiveCfg = Release|Any CPU
		{A0DC253D-D94E-4B16-8718-0536FF7E5841}.Ad-Hoc|iPhone.Build.0 = Release|Any CPU
		{A0DC253D-D94E-4B16-8718-0536FF7E5841}.Ad-Hoc|iPhone.Deploy.0 = Release|Any CPU
		{A0DC253D-D94E-4B16-8718-0536FF7E5841}.Ad-Hoc|iPhoneSimulator.ActiveCfg = Release|Any CPU
		{A0DC253D-D94E-4B16-8718-0536FF7E5841}.Ad-Hoc|iPhoneSimulator.Build.0 = Release|Any CPU
		{A0DC253D-D94E-4B16-8718-0536FF7E5841}.Ad-Hoc|iPhoneSimulator.Deploy.0 = Release|Any CPU
		{A0DC253D-D94E-4B16-8718-0536FF7E5841}.AppStore|Any CPU.ActiveCfg = Release|Any CPU
		{A0DC253D-D94E-4B16-8718-0536FF7E5841}.AppStore|Any CPU.Build.0 = Release|Any CPU
		{A0DC253D-D94E-4B16-8718-0536FF7E5841}.AppStore|Any CPU.Deploy.0 = Release|Any CPU
		{A0DC253D-D94E-4B16-8718-0536FF7E5841}.AppStore|iPhone.ActiveCfg = Release|Any CPU
		{A0DC253D-D94E-4B16-8718-0536FF7E5841}.AppStore|iPhone.Build.0 = Release|Any CPU
		{A0DC253D-D94E-4B16-8718-0536FF7E5841}.AppStore|iPhone.Deploy.0 = Release|Any CPU
		{A0DC253D-D94E-4B16-8718-0536FF7E5841}.AppStore|iPhoneSimulator.ActiveCfg = Release|Any CPU
		{A0DC253D-D94E-4B16-8718-0536FF7E5841}.AppStore|iPhoneSimulator.Build.0 = Release|Any CPU
		{A0DC253D-D94E-4B16-8718-0536FF7E5841}.AppStore|iPhoneSimulator.Deploy.0 = Release|Any CPU
		{A0DC253D-D94E-4B16-8718-0536FF7E5841}.Debug|Any CPU.ActiveCfg = Debug|Any CPU
		{A0DC253D-D94E-4B16-8718-0536FF7E5841}.Debug|Any CPU.Build.0 = Debug|Any CPU
		{A0DC253D-D94E-4B16-8718-0536FF7E5841}.Debug|Any CPU.Deploy.0 = Debug|Any CPU
		{A0DC253D-D94E-4B16-8718-0536FF7E5841}.Debug|iPhone.ActiveCfg = Debug|Any CPU
		{A0DC253D-D94E-4B16-8718-0536FF7E5841}.Debug|iPhone.Build.0 = Debug|Any CPU
		{A0DC253D-D94E-4B16-8718-0536FF7E5841}.Debug|iPhone.Deploy.0 = Debug|Any CPU
		{A0DC253D-D94E-4B16-8718-0536FF7E5841}.Debug|iPhoneSimulator.ActiveCfg = Debug|Any CPU
		{A0DC253D-D94E-4B16-8718-0536FF7E5841}.Debug|iPhoneSimulator.Build.0 = Debug|Any CPU
		{A0DC253D-D94E-4B16-8718-0536FF7E5841}.Debug|iPhoneSimulator.Deploy.0 = Debug|Any CPU
		{A0DC253D-D94E-4B16-8718-0536FF7E5841}.Release|Any CPU.ActiveCfg = Release|Any CPU
		{A0DC253D-D94E-4B16-8718-0536FF7E5841}.Release|Any CPU.Build.0 = Release|Any CPU
		{A0DC253D-D94E-4B16-8718-0536FF7E5841}.Release|Any CPU.Deploy.0 = Release|Any CPU
		{A0DC253D-D94E-4B16-8718-0536FF7E5841}.Release|iPhone.ActiveCfg = Release|Any CPU
		{A0DC253D-D94E-4B16-8718-0536FF7E5841}.Release|iPhone.Build.0 = Release|Any CPU
		{A0DC253D-D94E-4B16-8718-0536FF7E5841}.Release|iPhone.Deploy.0 = Release|Any CPU
		{A0DC253D-D94E-4B16-8718-0536FF7E5841}.Release|iPhoneSimulator.ActiveCfg = Release|Any CPU
		{A0DC253D-D94E-4B16-8718-0536FF7E5841}.Release|iPhoneSimulator.Build.0 = Release|Any CPU
		{A0DC253D-D94E-4B16-8718-0536FF7E5841}.Release|iPhoneSimulator.Deploy.0 = Release|Any CPU
		{4120DDD1-9121-4933-9E4F-74D0A3A9228D}.Ad-Hoc|Any CPU.ActiveCfg = Ad-Hoc|iPhone
		{4120DDD1-9121-4933-9E4F-74D0A3A9228D}.Ad-Hoc|Any CPU.Build.0 = Ad-Hoc|iPhone
		{4120DDD1-9121-4933-9E4F-74D0A3A9228D}.Ad-Hoc|Any CPU.Deploy.0 = Ad-Hoc|iPhone
		{4120DDD1-9121-4933-9E4F-74D0A3A9228D}.Ad-Hoc|iPhone.ActiveCfg = Ad-Hoc|iPhone
		{4120DDD1-9121-4933-9E4F-74D0A3A9228D}.Ad-Hoc|iPhone.Build.0 = Ad-Hoc|iPhone
		{4120DDD1-9121-4933-9E4F-74D0A3A9228D}.Ad-Hoc|iPhone.Deploy.0 = Ad-Hoc|iPhone
		{4120DDD1-9121-4933-9E4F-74D0A3A9228D}.Ad-Hoc|iPhoneSimulator.ActiveCfg = Ad-Hoc|iPhoneSimulator
		{4120DDD1-9121-4933-9E4F-74D0A3A9228D}.Ad-Hoc|iPhoneSimulator.Build.0 = Ad-Hoc|iPhoneSimulator
		{4120DDD1-9121-4933-9E4F-74D0A3A9228D}.Ad-Hoc|iPhoneSimulator.Deploy.0 = Ad-Hoc|iPhoneSimulator
		{4120DDD1-9121-4933-9E4F-74D0A3A9228D}.AppStore|Any CPU.ActiveCfg = AppStore|iPhone
		{4120DDD1-9121-4933-9E4F-74D0A3A9228D}.AppStore|Any CPU.Build.0 = AppStore|iPhone
		{4120DDD1-9121-4933-9E4F-74D0A3A9228D}.AppStore|Any CPU.Deploy.0 = AppStore|iPhone
		{4120DDD1-9121-4933-9E4F-74D0A3A9228D}.AppStore|iPhone.ActiveCfg = AppStore|iPhone
		{4120DDD1-9121-4933-9E4F-74D0A3A9228D}.AppStore|iPhone.Build.0 = AppStore|iPhone
		{4120DDD1-9121-4933-9E4F-74D0A3A9228D}.AppStore|iPhone.Deploy.0 = AppStore|iPhone
		{4120DDD1-9121-4933-9E4F-74D0A3A9228D}.AppStore|iPhoneSimulator.ActiveCfg = AppStore|iPhoneSimulator
		{4120DDD1-9121-4933-9E4F-74D0A3A9228D}.AppStore|iPhoneSimulator.Build.0 = AppStore|iPhoneSimulator
		{4120DDD1-9121-4933-9E4F-74D0A3A9228D}.AppStore|iPhoneSimulator.Deploy.0 = AppStore|iPhoneSimulator
		{4120DDD1-9121-4933-9E4F-74D0A3A9228D}.Debug|Any CPU.ActiveCfg = Debug|iPhoneSimulator
		{4120DDD1-9121-4933-9E4F-74D0A3A9228D}.Debug|Any CPU.Build.0 = Debug|iPhoneSimulator
		{4120DDD1-9121-4933-9E4F-74D0A3A9228D}.Debug|Any CPU.Deploy.0 = Debug|iPhoneSimulator
		{4120DDD1-9121-4933-9E4F-74D0A3A9228D}.Debug|iPhone.ActiveCfg = Debug|iPhone
		{4120DDD1-9121-4933-9E4F-74D0A3A9228D}.Debug|iPhone.Build.0 = Debug|iPhone
		{4120DDD1-9121-4933-9E4F-74D0A3A9228D}.Debug|iPhone.Deploy.0 = Debug|iPhone
		{4120DDD1-9121-4933-9E4F-74D0A3A9228D}.Debug|iPhoneSimulator.ActiveCfg = Debug|iPhoneSimulator
		{4120DDD1-9121-4933-9E4F-74D0A3A9228D}.Debug|iPhoneSimulator.Build.0 = Debug|iPhoneSimulator
		{4120DDD1-9121-4933-9E4F-74D0A3A9228D}.Debug|iPhoneSimulator.Deploy.0 = Debug|iPhoneSimulator
		{4120DDD1-9121-4933-9E4F-74D0A3A9228D}.Release|Any CPU.ActiveCfg = Release|iPhone
		{4120DDD1-9121-4933-9E4F-74D0A3A9228D}.Release|Any CPU.Build.0 = Release|iPhone
		{4120DDD1-9121-4933-9E4F-74D0A3A9228D}.Release|Any CPU.Deploy.0 = Release|iPhone
		{4120DDD1-9121-4933-9E4F-74D0A3A9228D}.Release|iPhone.ActiveCfg = Release|iPhone
		{4120DDD1-9121-4933-9E4F-74D0A3A9228D}.Release|iPhone.Build.0 = Release|iPhone
		{4120DDD1-9121-4933-9E4F-74D0A3A9228D}.Release|iPhone.Deploy.0 = Release|iPhone
		{4120DDD1-9121-4933-9E4F-74D0A3A9228D}.Release|iPhoneSimulator.ActiveCfg = Release|iPhoneSimulator
		{4120DDD1-9121-4933-9E4F-74D0A3A9228D}.Release|iPhoneSimulator.Build.0 = Release|iPhoneSimulator
		{4120DDD1-9121-4933-9E4F-74D0A3A9228D}.Release|iPhoneSimulator.Deploy.0 = Release|iPhoneSimulator
		{E238B090-7356-43D2-B84C-B417074DFFE2}.Ad-Hoc|Any CPU.ActiveCfg = Debug|Any CPU
		{E238B090-7356-43D2-B84C-B417074DFFE2}.Ad-Hoc|Any CPU.Build.0 = Debug|Any CPU
		{E238B090-7356-43D2-B84C-B417074DFFE2}.Ad-Hoc|Any CPU.Deploy.0 = Debug|Any CPU
		{E238B090-7356-43D2-B84C-B417074DFFE2}.Ad-Hoc|iPhone.ActiveCfg = Debug|Any CPU
		{E238B090-7356-43D2-B84C-B417074DFFE2}.Ad-Hoc|iPhone.Build.0 = Debug|Any CPU
		{E238B090-7356-43D2-B84C-B417074DFFE2}.Ad-Hoc|iPhone.Deploy.0 = Debug|Any CPU
		{E238B090-7356-43D2-B84C-B417074DFFE2}.Ad-Hoc|iPhoneSimulator.ActiveCfg = Debug|Any CPU
		{E238B090-7356-43D2-B84C-B417074DFFE2}.Ad-Hoc|iPhoneSimulator.Build.0 = Debug|Any CPU
		{E238B090-7356-43D2-B84C-B417074DFFE2}.Ad-Hoc|iPhoneSimulator.Deploy.0 = Debug|Any CPU
		{E238B090-7356-43D2-B84C-B417074DFFE2}.AppStore|Any CPU.ActiveCfg = Debug|Any CPU
		{E238B090-7356-43D2-B84C-B417074DFFE2}.AppStore|Any CPU.Build.0 = Debug|Any CPU
		{E238B090-7356-43D2-B84C-B417074DFFE2}.AppStore|Any CPU.Deploy.0 = Debug|Any CPU
		{E238B090-7356-43D2-B84C-B417074DFFE2}.AppStore|iPhone.ActiveCfg = Debug|Any CPU
		{E238B090-7356-43D2-B84C-B417074DFFE2}.AppStore|iPhone.Build.0 = Debug|Any CPU
		{E238B090-7356-43D2-B84C-B417074DFFE2}.AppStore|iPhone.Deploy.0 = Debug|Any CPU
		{E238B090-7356-43D2-B84C-B417074DFFE2}.AppStore|iPhoneSimulator.ActiveCfg = Debug|Any CPU
		{E238B090-7356-43D2-B84C-B417074DFFE2}.AppStore|iPhoneSimulator.Build.0 = Debug|Any CPU
		{E238B090-7356-43D2-B84C-B417074DFFE2}.AppStore|iPhoneSimulator.Deploy.0 = Debug|Any CPU
		{E238B090-7356-43D2-B84C-B417074DFFE2}.Debug|Any CPU.ActiveCfg = Debug|Any CPU
		{E238B090-7356-43D2-B84C-B417074DFFE2}.Debug|Any CPU.Build.0 = Debug|Any CPU
		{E238B090-7356-43D2-B84C-B417074DFFE2}.Debug|Any CPU.Deploy.0 = Debug|Any CPU
		{E238B090-7356-43D2-B84C-B417074DFFE2}.Debug|iPhone.ActiveCfg = Debug|Any CPU
		{E238B090-7356-43D2-B84C-B417074DFFE2}.Debug|iPhone.Build.0 = Debug|Any CPU
		{E238B090-7356-43D2-B84C-B417074DFFE2}.Debug|iPhone.Deploy.0 = Debug|Any CPU
		{E238B090-7356-43D2-B84C-B417074DFFE2}.Debug|iPhoneSimulator.ActiveCfg = Debug|Any CPU
		{E238B090-7356-43D2-B84C-B417074DFFE2}.Debug|iPhoneSimulator.Build.0 = Debug|Any CPU
		{E238B090-7356-43D2-B84C-B417074DFFE2}.Debug|iPhoneSimulator.Deploy.0 = Debug|Any CPU
		{E238B090-7356-43D2-B84C-B417074DFFE2}.Release|Any CPU.ActiveCfg = Release|Any CPU
		{E238B090-7356-43D2-B84C-B417074DFFE2}.Release|Any CPU.Build.0 = Release|Any CPU
		{E238B090-7356-43D2-B84C-B417074DFFE2}.Release|Any CPU.Deploy.0 = Release|Any CPU
		{E238B090-7356-43D2-B84C-B417074DFFE2}.Release|iPhone.ActiveCfg = Release|Any CPU
		{E238B090-7356-43D2-B84C-B417074DFFE2}.Release|iPhone.Build.0 = Release|Any CPU
		{E238B090-7356-43D2-B84C-B417074DFFE2}.Release|iPhone.Deploy.0 = Release|Any CPU
		{E238B090-7356-43D2-B84C-B417074DFFE2}.Release|iPhoneSimulator.ActiveCfg = Release|Any CPU
		{E238B090-7356-43D2-B84C-B417074DFFE2}.Release|iPhoneSimulator.Build.0 = Release|Any CPU
		{E238B090-7356-43D2-B84C-B417074DFFE2}.Release|iPhoneSimulator.Deploy.0 = Release|Any CPU
	EndGlobalSection
	GlobalSection(SolutionProperties) = preSolution
		HideSolutionNode = FALSE
	EndGlobalSection
	GlobalSection(ExtensibilityGlobals) = postSolution
		SolutionGuid = {F6449857-3463-4A70-8AC9-1122420AD7EF}
	EndGlobalSection
EndGlobal
